
Microsoft Visual Studio Solution File, Format Version 12.00
# Visual Studio Version 17
VisualStudioVersion = 17.0.31903.59
MinimumVisualStudioVersion = 10.0.40219.1
Project("{9A19103F-16F7-4668-BE54-9A1E7A4F7556}") = "MontaggioDorsi", "MontaggioDorsi\MontaggioDorsi.csproj", "{61D0EB20-B121-452A-911F-40CA0BF8148A}"
EndProject
Project("{9A19103F-16F7-4668-BE54-9A1E7A4F7556}") = "Common", "Common\Common.csproj", "{E0AB35A4-F71C-490B-BEA8-7209C36F7D4C}"
EndProject
Project("{2150E333-8FDC-42A3-9474-1A3956D46DE8}") = "Solution Items", "Solution Items", "{C29A7BC8-93EC-4EAB-A044-952FE23D041C}"
	ProjectSection(SolutionItems) = preProject
		LICENSE = LICENSE
		Linux.md = Linux.md
		README.md = README.md
	EndProjectSection
EndProject
Project("{9A19103F-16F7-4668-BE54-9A1E7A4F7556}") = "MontaggioFoto", "MontaggioFoto\MontaggioFoto.csproj", "{83AF32EA-8F94-41C0-999E-CAD57F6D9637}"
EndProject
Project("{9A19103F-16F7-4668-BE54-9A1E7A4F7556}") = "Scatola", "Scatola\Scatola.csproj", "{480B4866-7BB8-4779-A95B-D616BEB0D2FC}"
EndProject
Project("{9A19103F-16F7-4668-BE54-9A1E7A4F7556}") = "Cartella", "Cartella\Cartella.csproj", "{30A462AE-6B5C-46E4-94E5-5C99671D19EB}"
EndProject
Project("{9A19103F-16F7-4668-BE54-9A1E7A4F7556}") = "CreditCard", "CreditCard\CreditCard.csproj", "{0BD9A192-C3F5-49D8-9F7D-B016BEBC5AE1}"
EndProject
Project("{9A19103F-16F7-4668-BE54-9A1E7A4F7556}") = "CCDV", "CCDV\CCDV.csproj", "{C2E14325-615A-489C-BD7F-BCC0B16D34DC}"
EndProject
Project("{2150E333-8FDC-42A3-9474-1A3956D46DE8}") = "docs", "docs", "{BE17CE64-B2C9-4987-A06A-B29A6BEE04B0}"
	ProjectSection(SolutionItems) = preProject
		docs\Cartella.1 = docs\Cartella.1
		docs\CreditCard.1 = docs\CreditCard.1
		docs\help_cartella.txt = docs\help_cartella.txt
		docs\help_creditcard.txt = docs\help_creditcard.txt
		docs\help_montaggiodorsi.txt = docs\help_montaggiodorsi.txt
		docs\help_montaggiofoto.txt = docs\help_montaggiofoto.txt
		docs\help_scatola.txt = docs\help_scatola.txt
		docs\helpjson_Cartella.txt = docs\helpjson_Cartella.txt
		docs\helpjson_CreditCard.txt = docs\helpjson_CreditCard.txt
		docs\helpjson_MontaggioDorsi.txt = docs\helpjson_MontaggioDorsi.txt
		docs\helpjson_MontaggioFoto.txt = docs\helpjson_MontaggioFoto.txt
		docs\helpjson_Scatola.txt = docs\helpjson_Scatola.txt
		docs\index.md = docs\index.md
		docs\man_Cartella.md = docs\man_Cartella.md
		docs\man_CreditCard.md = docs\man_CreditCard.md
		docs\man_MontaggioDorsi.md = docs\man_MontaggioDorsi.md
		docs\man_MontaggioFoto.md = docs\man_MontaggioFoto.md
		docs\man_Scatola.md = docs\man_Scatola.md
		docs\MontaggioDorsi.1 = docs\MontaggioDorsi.1
		docs\MontaggioFoto.1 = docs\MontaggioFoto.1
		docs\Scatola.1 = docs\Scatola.1
	EndProjectSection
EndProject
Project("{930C7802-8A8C-48F9-8165-68863BCCD9DD}") = "WindowsInstaller", "WindowsInstaller\WindowsInstaller.wixproj", "{D1091528-75F5-4E8A-A081-80409EB09361}"
EndProject
Project("{2150E333-8FDC-42A3-9474-1A3956D46DE8}") = "Test", "Test", "{9D6B5EF5-AD86-4F3A-BC04-F5AED9993F3B}"
	ProjectSection(SolutionItems) = preProject
		Test\AddLabel.cmd = Test\AddLabel.cmd
		Test\AddLabel.cs = Test\AddLabel.cs
		Test\author.txt = Test\author.txt
		Test\cdv_o.jpg = Test\cdv_o.jpg
		Test\cdv_v.jpg = Test\cdv_v.jpg
		Test\dorso_o.jpg = Test\dorso_o.jpg
		Test\dorso_v.jpg = Test\dorso_v.jpg
		Test\Numbers.cmd = Test\Numbers.cmd
		Test\Numbers.cs = Test\Numbers.cs
		Test\README.md = Test\README.md
	EndProjectSection
EndProject
Project("{2150E333-8FDC-42A3-9474-1A3956D46DE8}") = "build_tools", "build_tools", "{12ACBDB8-675B-4A68-9193-AEB50583D79F}"
	ProjectSection(SolutionItems) = preProject
		build_tools\builddeb.sh = build_tools\builddeb.sh
		build_tools\buildhelp.cmd = build_tools\buildhelp.cmd
		build_tools\pack.sh = build_tools\pack.sh
		build_tools\publish.cmd = build_tools\publish.cmd
		build_tools\README.md = build_tools\README.md
	EndProjectSection
EndProject
Global
	GlobalSection(SolutionConfigurationPlatforms) = preSolution
		Debug|Any CPU = Debug|Any CPU
		Debug|x64 = Debug|x64
		Debug|x86 = Debug|x86
		Release|Any CPU = Release|Any CPU
		Release|x64 = Release|x64
		Release|x86 = Release|x86
		Description = Tool to manage images for Contemporary Carte de Visite
	EndGlobalSection
	GlobalSection(ProjectConfigurationPlatforms) = postSolution
		{61D0EB20-B121-452A-911F-40CA0BF8148A}.Debug|Any CPU.ActiveCfg = Debug|Any CPU
		{61D0EB20-B121-452A-911F-40CA0BF8148A}.Debug|Any CPU.Build.0 = Debug|Any CPU
		{61D0EB20-B121-452A-911F-40CA0BF8148A}.Debug|x64.ActiveCfg = Debug|Any CPU
		{61D0EB20-B121-452A-911F-40CA0BF8148A}.Debug|x64.Build.0 = Debug|Any CPU
		{61D0EB20-B121-452A-911F-40CA0BF8148A}.Debug|x86.ActiveCfg = Debug|Any CPU
		{61D0EB20-B121-452A-911F-40CA0BF8148A}.Debug|x86.Build.0 = Debug|Any CPU
		{61D0EB20-B121-452A-911F-40CA0BF8148A}.Release|Any CPU.ActiveCfg = Release|Any CPU
		{61D0EB20-B121-452A-911F-40CA0BF8148A}.Release|Any CPU.Build.0 = Release|Any CPU
		{61D0EB20-B121-452A-911F-40CA0BF8148A}.Release|x64.ActiveCfg = Release|Any CPU
		{61D0EB20-B121-452A-911F-40CA0BF8148A}.Release|x64.Build.0 = Release|Any CPU
		{61D0EB20-B121-452A-911F-40CA0BF8148A}.Release|x86.ActiveCfg = Release|Any CPU
		{61D0EB20-B121-452A-911F-40CA0BF8148A}.Release|x86.Build.0 = Release|Any CPU
		{E0AB35A4-F71C-490B-BEA8-7209C36F7D4C}.Debug|Any CPU.ActiveCfg = Debug|Any CPU
		{E0AB35A4-F71C-490B-BEA8-7209C36F7D4C}.Debug|Any CPU.Build.0 = Debug|Any CPU
		{E0AB35A4-F71C-490B-BEA8-7209C36F7D4C}.Debug|x64.ActiveCfg = Debug|Any CPU
		{E0AB35A4-F71C-490B-BEA8-7209C36F7D4C}.Debug|x64.Build.0 = Debug|Any CPU
		{E0AB35A4-F71C-490B-BEA8-7209C36F7D4C}.Debug|x86.ActiveCfg = Debug|Any CPU
		{E0AB35A4-F71C-490B-BEA8-7209C36F7D4C}.Debug|x86.Build.0 = Debug|Any CPU
		{E0AB35A4-F71C-490B-BEA8-7209C36F7D4C}.Release|Any CPU.ActiveCfg = Release|Any CPU
		{E0AB35A4-F71C-490B-BEA8-7209C36F7D4C}.Release|Any CPU.Build.0 = Release|Any CPU
		{E0AB35A4-F71C-490B-BEA8-7209C36F7D4C}.Release|x64.ActiveCfg = Release|Any CPU
		{E0AB35A4-F71C-490B-BEA8-7209C36F7D4C}.Release|x64.Build.0 = Release|Any CPU
		{E0AB35A4-F71C-490B-BEA8-7209C36F7D4C}.Release|x86.ActiveCfg = Release|Any CPU
		{E0AB35A4-F71C-490B-BEA8-7209C36F7D4C}.Release|x86.Build.0 = Release|Any CPU
		{83AF32EA-8F94-41C0-999E-CAD57F6D9637}.Debug|Any CPU.ActiveCfg = Debug|Any CPU
		{83AF32EA-8F94-41C0-999E-CAD57F6D9637}.Debug|Any CPU.Build.0 = Debug|Any CPU
		{83AF32EA-8F94-41C0-999E-CAD57F6D9637}.Debug|x64.ActiveCfg = Debug|Any CPU
		{83AF32EA-8F94-41C0-999E-CAD57F6D9637}.Debug|x64.Build.0 = Debug|Any CPU
		{83AF32EA-8F94-41C0-999E-CAD57F6D9637}.Debug|x86.ActiveCfg = Debug|Any CPU
		{83AF32EA-8F94-41C0-999E-CAD57F6D9637}.Debug|x86.Build.0 = Debug|Any CPU
		{83AF32EA-8F94-41C0-999E-CAD57F6D9637}.Release|Any CPU.ActiveCfg = Release|Any CPU
		{83AF32EA-8F94-41C0-999E-CAD57F6D9637}.Release|Any CPU.Build.0 = Release|Any CPU
		{83AF32EA-8F94-41C0-999E-CAD57F6D9637}.Release|x64.ActiveCfg = Release|Any CPU
		{83AF32EA-8F94-41C0-999E-CAD57F6D9637}.Release|x64.Build.0 = Release|Any CPU
		{83AF32EA-8F94-41C0-999E-CAD57F6D9637}.Release|x86.ActiveCfg = Release|Any CPU
		{83AF32EA-8F94-41C0-999E-CAD57F6D9637}.Release|x86.Build.0 = Release|Any CPU
		{480B4866-7BB8-4779-A95B-D616BEB0D2FC}.Debug|Any CPU.ActiveCfg = Debug|Any CPU
		{480B4866-7BB8-4779-A95B-D616BEB0D2FC}.Debug|Any CPU.Build.0 = Debug|Any CPU
		{480B4866-7BB8-4779-A95B-D616BEB0D2FC}.Debug|x64.ActiveCfg = Debug|Any CPU
		{480B4866-7BB8-4779-A95B-D616BEB0D2FC}.Debug|x64.Build.0 = Debug|Any CPU
		{480B4866-7BB8-4779-A95B-D616BEB0D2FC}.Debug|x86.ActiveCfg = Debug|Any CPU
		{480B4866-7BB8-4779-A95B-D616BEB0D2FC}.Debug|x86.Build.0 = Debug|Any CPU
		{480B4866-7BB8-4779-A95B-D616BEB0D2FC}.Release|Any CPU.ActiveCfg = Release|Any CPU
		{480B4866-7BB8-4779-A95B-D616BEB0D2FC}.Release|Any CPU.Build.0 = Release|Any CPU
		{480B4866-7BB8-4779-A95B-D616BEB0D2FC}.Release|x64.ActiveCfg = Release|Any CPU
		{480B4866-7BB8-4779-A95B-D616BEB0D2FC}.Release|x64.Build.0 = Release|Any CPU
		{480B4866-7BB8-4779-A95B-D616BEB0D2FC}.Release|x86.ActiveCfg = Release|Any CPU
		{480B4866-7BB8-4779-A95B-D616BEB0D2FC}.Release|x86.Build.0 = Release|Any CPU
		{30A462AE-6B5C-46E4-94E5-5C99671D19EB}.Debug|Any CPU.ActiveCfg = Debug|Any CPU
		{30A462AE-6B5C-46E4-94E5-5C99671D19EB}.Debug|Any CPU.Build.0 = Debug|Any CPU
		{30A462AE-6B5C-46E4-94E5-5C99671D19EB}.Debug|x64.ActiveCfg = Debug|Any CPU
		{30A462AE-6B5C-46E4-94E5-5C99671D19EB}.Debug|x64.Build.0 = Debug|Any CPU
		{30A462AE-6B5C-46E4-94E5-5C99671D19EB}.Debug|x86.ActiveCfg = Debug|Any CPU
		{30A462AE-6B5C-46E4-94E5-5C99671D19EB}.Debug|x86.Build.0 = Debug|Any CPU
		{30A462AE-6B5C-46E4-94E5-5C99671D19EB}.Release|Any CPU.ActiveCfg = Release|Any CPU
		{30A462AE-6B5C-46E4-94E5-5C99671D19EB}.Release|Any CPU.Build.0 = Release|Any CPU
		{30A462AE-6B5C-46E4-94E5-5C99671D19EB}.Release|x64.ActiveCfg = Release|Any CPU
		{30A462AE-6B5C-46E4-94E5-5C99671D19EB}.Release|x64.Build.0 = Release|Any CPU
		{30A462AE-6B5C-46E4-94E5-5C99671D19EB}.Release|x86.ActiveCfg = Release|Any CPU
		{30A462AE-6B5C-46E4-94E5-5C99671D19EB}.Release|x86.Build.0 = Release|Any CPU
		{0BD9A192-C3F5-49D8-9F7D-B016BEBC5AE1}.Debug|Any CPU.ActiveCfg = Debug|Any CPU
		{0BD9A192-C3F5-49D8-9F7D-B016BEBC5AE1}.Debug|Any CPU.Build.0 = Debug|Any CPU
		{0BD9A192-C3F5-49D8-9F7D-B016BEBC5AE1}.Debug|x64.ActiveCfg = Debug|Any CPU
		{0BD9A192-C3F5-49D8-9F7D-B016BEBC5AE1}.Debug|x64.Build.0 = Debug|Any CPU
		{0BD9A192-C3F5-49D8-9F7D-B016BEBC5AE1}.Debug|x86.ActiveCfg = Debug|Any CPU
		{0BD9A192-C3F5-49D8-9F7D-B016BEBC5AE1}.Debug|x86.Build.0 = Debug|Any CPU
		{0BD9A192-C3F5-49D8-9F7D-B016BEBC5AE1}.Release|Any CPU.ActiveCfg = Release|Any CPU
		{0BD9A192-C3F5-49D8-9F7D-B016BEBC5AE1}.Release|Any CPU.Build.0 = Release|Any CPU
		{0BD9A192-C3F5-49D8-9F7D-B016BEBC5AE1}.Release|x64.ActiveCfg = Release|Any CPU
		{0BD9A192-C3F5-49D8-9F7D-B016BEBC5AE1}.Release|x64.Build.0 = Release|Any CPU
		{0BD9A192-C3F5-49D8-9F7D-B016BEBC5AE1}.Release|x86.ActiveCfg = Release|Any CPU
		{0BD9A192-C3F5-49D8-9F7D-B016BEBC5AE1}.Release|x86.Build.0 = Release|Any CPU
		{C2E14325-615A-489C-BD7F-BCC0B16D34DC}.Debug|Any CPU.ActiveCfg = Debug|Any CPU
		{C2E14325-615A-489C-BD7F-BCC0B16D34DC}.Debug|Any CPU.Build.0 = Debug|Any CPU
		{C2E14325-615A-489C-BD7F-BCC0B16D34DC}.Debug|x64.ActiveCfg = Debug|Any CPU
		{C2E14325-615A-489C-BD7F-BCC0B16D34DC}.Debug|x64.Build.0 = Debug|Any CPU
		{C2E14325-615A-489C-BD7F-BCC0B16D34DC}.Debug|x86.ActiveCfg = Debug|Any CPU
		{C2E14325-615A-489C-BD7F-BCC0B16D34DC}.Debug|x86.Build.0 = Debug|Any CPU
		{C2E14325-615A-489C-BD7F-BCC0B16D34DC}.Release|Any CPU.ActiveCfg = Release|Any CPU
		{C2E14325-615A-489C-BD7F-BCC0B16D34DC}.Release|Any CPU.Build.0 = Release|Any CPU
		{C2E14325-615A-489C-BD7F-BCC0B16D34DC}.Release|x64.ActiveCfg = Release|x64
		{C2E14325-615A-489C-BD7F-BCC0B16D34DC}.Release|x64.Build.0 = Release|x64
		{C2E14325-615A-489C-BD7F-BCC0B16D34DC}.Release|x86.ActiveCfg = Release|Any CPU
		{C2E14325-615A-489C-BD7F-BCC0B16D34DC}.Release|x86.Build.0 = Release|Any CPU
		{D1091528-75F5-4E8A-A081-80409EB09361}.Debug|Any CPU.ActiveCfg = Debug|x86
		{D1091528-75F5-4E8A-A081-80409EB09361}.Debug|Any CPU.Build.0 = Debug|x86
		{D1091528-75F5-4E8A-A081-80409EB09361}.Debug|x64.ActiveCfg = Debug|x86
		{D1091528-75F5-4E8A-A081-80409EB09361}.Debug|x64.Build.0 = Debug|x86
		{D1091528-75F5-4E8A-A081-80409EB09361}.Debug|x86.ActiveCfg = Debug|x86
		{D1091528-75F5-4E8A-A081-80409EB09361}.Debug|x86.Build.0 = Debug|x86
		{D1091528-75F5-4E8A-A081-80409EB09361}.Release|Any CPU.ActiveCfg = Release|x86
		{D1091528-75F5-4E8A-A081-80409EB09361}.Release|Any CPU.Build.0 = Release|x86
		{D1091528-75F5-4E8A-A081-80409EB09361}.Release|x64.ActiveCfg = Release|x86
		{D1091528-75F5-4E8A-A081-80409EB09361}.Release|x64.Build.0 = Release|x86
		{D1091528-75F5-4E8A-A081-80409EB09361}.Release|x86.ActiveCfg = Release|x86
		{D1091528-75F5-4E8A-A081-80409EB09361}.Release|x86.Build.0 = Release|x86
	EndGlobalSection
	GlobalSection(SolutionProperties) = preSolution
		HideSolutionNode = FALSE
	EndGlobalSection
	GlobalSection(ExtensibilityGlobals) = postSolution
		SolutionGuid = {F074AEBA-A1D4-4BEA-9E1F-2B2C52CA5918}
	EndGlobalSection
EndGlobal
