
Microsoft Visual Studio Solution File, Format Version 12.00
# Visual Studio Version 16
VisualStudioVersion = 16.0.30717.126
MinimumVisualStudioVersion = 10.0.40219.1
Project("{9A19103F-16F7-4668-BE54-9A1E7A4F7556}") = "MontaggioDorsi", "MontaggioDorsi\MontaggioDorsi.csproj", "{61D0EB20-B121-452A-911F-40CA0BF8148A}"
EndProject
Project("{9A19103F-16F7-4668-BE54-9A1E7A4F7556}") = "Common", "Common\Common.csproj", "{E0AB35A4-F71C-490B-BEA8-7209C36F7D4C}"
EndProject
Project("{2150E333-8FDC-42A3-9474-1A3956D46DE8}") = "Solution Items", "Solution Items", "{C29A7BC8-93EC-4EAB-A044-952FE23D041C}"
	ProjectSection(SolutionItems) = preProject
		LICENSE = LICENSE
		README.md = README.md
	EndProjectSection
EndProject
Project("{9A19103F-16F7-4668-BE54-9A1E7A4F7556}") = "MontaggioFoto", "MontaggioFoto\MontaggioFoto.csproj", "{83AF32EA-8F94-41C0-999E-CAD57F6D9637}"
EndProject
Project("{9A19103F-16F7-4668-BE54-9A1E7A4F7556}") = "Scatola", "Scatola\Scatola.csproj", "{480B4866-7BB8-4779-A95B-D616BEB0D2FC}"
EndProject
Project("{FAE04EC0-301F-11D3-BF4B-00C04F79EFBC}") = "Cartella", "Cartella\Cartella.csproj", "{30A462AE-6B5C-46E4-94E5-5C99671D19EB}"
EndProject
Global
	GlobalSection(SolutionConfigurationPlatforms) = preSolution
		Debug|Any CPU = Debug|Any CPU
		Release|Any CPU = Release|Any CPU
	EndGlobalSection
	GlobalSection(ProjectConfigurationPlatforms) = postSolution
		{61D0EB20-B121-452A-911F-40CA0BF8148A}.Debug|Any CPU.ActiveCfg = Debug|Any CPU
		{61D0EB20-B121-452A-911F-40CA0BF8148A}.Debug|Any CPU.Build.0 = Debug|Any CPU
		{61D0EB20-B121-452A-911F-40CA0BF8148A}.Release|Any CPU.ActiveCfg = Release|Any CPU
		{61D0EB20-B121-452A-911F-40CA0BF8148A}.Release|Any CPU.Build.0 = Release|Any CPU
		{E0AB35A4-F71C-490B-BEA8-7209C36F7D4C}.Debug|Any CPU.ActiveCfg = Debug|Any CPU
		{E0AB35A4-F71C-490B-BEA8-7209C36F7D4C}.Debug|Any CPU.Build.0 = Debug|Any CPU
		{E0AB35A4-F71C-490B-BEA8-7209C36F7D4C}.Release|Any CPU.ActiveCfg = Release|Any CPU
		{E0AB35A4-F71C-490B-BEA8-7209C36F7D4C}.Release|Any CPU.Build.0 = Release|Any CPU
		{83AF32EA-8F94-41C0-999E-CAD57F6D9637}.Debug|Any CPU.ActiveCfg = Debug|Any CPU
		{83AF32EA-8F94-41C0-999E-CAD57F6D9637}.Debug|Any CPU.Build.0 = Debug|Any CPU
		{83AF32EA-8F94-41C0-999E-CAD57F6D9637}.Release|Any CPU.ActiveCfg = Release|Any CPU
		{83AF32EA-8F94-41C0-999E-CAD57F6D9637}.Release|Any CPU.Build.0 = Release|Any CPU
		{480B4866-7BB8-4779-A95B-D616BEB0D2FC}.Debug|Any CPU.ActiveCfg = Debug|Any CPU
		{480B4866-7BB8-4779-A95B-D616BEB0D2FC}.Debug|Any CPU.Build.0 = Debug|Any CPU
		{480B4866-7BB8-4779-A95B-D616BEB0D2FC}.Release|Any CPU.ActiveCfg = Release|Any CPU
		{480B4866-7BB8-4779-A95B-D616BEB0D2FC}.Release|Any CPU.Build.0 = Release|Any CPU
		{30A462AE-6B5C-46E4-94E5-5C99671D19EB}.Debug|Any CPU.ActiveCfg = Debug|Any CPU
		{30A462AE-6B5C-46E4-94E5-5C99671D19EB}.Debug|Any CPU.Build.0 = Debug|Any CPU
		{30A462AE-6B5C-46E4-94E5-5C99671D19EB}.Release|Any CPU.ActiveCfg = Release|Any CPU
		{30A462AE-6B5C-46E4-94E5-5C99671D19EB}.Release|Any CPU.Build.0 = Release|Any CPU
	EndGlobalSection
	GlobalSection(SolutionProperties) = preSolution
		HideSolutionNode = FALSE
	EndGlobalSection
	GlobalSection(ExtensibilityGlobals) = postSolution
		SolutionGuid = {F074AEBA-A1D4-4BEA-9E1F-2B2C52CA5918}
	EndGlobalSection
EndGlobal
